
Microsoft Visual Studio Solution File, Format Version 12.00
# Visual Studio 15
VisualStudioVersion = 15.0.26430.16
MinimumVisualStudioVersion = 10.0.40219.1
Project("{FAE04EC0-301F-11D3-BF4B-00C04F79EFBC}") = "winformtest", "winformtest\winformtest.csproj", "{A538C62B-181E-490B-8B2D-55EDCB0167D9}"
EndProject
Project("{FAE04EC0-301F-11D3-BF4B-00C04F79EFBC}") = "testweek", "testweek\testweek.csproj", "{5B7315DB-7FE3-4673-8146-62F0FE0C5077}"
EndProject
Project("{FAE04EC0-301F-11D3-BF4B-00C04F79EFBC}") = "dt", "dt\dt.csproj", "{F639D40D-A988-4A4F-90B1-50A3FB68962D}"
EndProject
Project("{FAE04EC0-301F-11D3-BF4B-00C04F79EFBC}") = "GRPCTest", "GRPCTest\GRPCTest.csproj", "{CE382305-23CA-46AC-AB3B-D6D9F2B13D28}"
EndProject
Project("{FAE04EC0-301F-11D3-BF4B-00C04F79EFBC}") = "UntilExcel", "UntilExcel\UntilExcel.csproj", "{FD30EF3F-D2DE-41B1-A2FC-C243F309F9C2}"
EndProject
Global
	GlobalSection(SolutionConfigurationPlatforms) = preSolution
		Debug|Any CPU = Debug|Any CPU
		Release|Any CPU = Release|Any CPU
	EndGlobalSection
	GlobalSection(ProjectConfigurationPlatforms) = postSolution
		{A538C62B-181E-490B-8B2D-55EDCB0167D9}.Debug|Any CPU.ActiveCfg = Debug|Any CPU
		{A538C62B-181E-490B-8B2D-55EDCB0167D9}.Debug|Any CPU.Build.0 = Debug|Any CPU
		{A538C62B-181E-490B-8B2D-55EDCB0167D9}.Release|Any CPU.ActiveCfg = Release|Any CPU
		{A538C62B-181E-490B-8B2D-55EDCB0167D9}.Release|Any CPU.Build.0 = Release|Any CPU
		{5B7315DB-7FE3-4673-8146-62F0FE0C5077}.Debug|Any CPU.ActiveCfg = Debug|Any CPU
		{5B7315DB-7FE3-4673-8146-62F0FE0C5077}.Debug|Any CPU.Build.0 = Debug|Any CPU
		{5B7315DB-7FE3-4673-8146-62F0FE0C5077}.Release|Any CPU.ActiveCfg = Release|Any CPU
		{5B7315DB-7FE3-4673-8146-62F0FE0C5077}.Release|Any CPU.Build.0 = Release|Any CPU
		{F639D40D-A988-4A4F-90B1-50A3FB68962D}.Debug|Any CPU.ActiveCfg = Debug|Any CPU
		{F639D40D-A988-4A4F-90B1-50A3FB68962D}.Debug|Any CPU.Build.0 = Debug|Any CPU
		{F639D40D-A988-4A4F-90B1-50A3FB68962D}.Release|Any CPU.ActiveCfg = Release|Any CPU
		{F639D40D-A988-4A4F-90B1-50A3FB68962D}.Release|Any CPU.Build.0 = Release|Any CPU
		{CE382305-23CA-46AC-AB3B-D6D9F2B13D28}.Debug|Any CPU.ActiveCfg = Debug|Any CPU
		{CE382305-23CA-46AC-AB3B-D6D9F2B13D28}.Debug|Any CPU.Build.0 = Debug|Any CPU
		{CE382305-23CA-46AC-AB3B-D6D9F2B13D28}.Release|Any CPU.ActiveCfg = Release|Any CPU
		{CE382305-23CA-46AC-AB3B-D6D9F2B13D28}.Release|Any CPU.Build.0 = Release|Any CPU
		{FD30EF3F-D2DE-41B1-A2FC-C243F309F9C2}.Debug|Any CPU.ActiveCfg = Debug|Any CPU
		{FD30EF3F-D2DE-41B1-A2FC-C243F309F9C2}.Debug|Any CPU.Build.0 = Debug|Any CPU
		{FD30EF3F-D2DE-41B1-A2FC-C243F309F9C2}.Release|Any CPU.ActiveCfg = Release|Any CPU
		{FD30EF3F-D2DE-41B1-A2FC-C243F309F9C2}.Release|Any CPU.Build.0 = Release|Any CPU
	EndGlobalSection
	GlobalSection(SolutionProperties) = preSolution
		HideSolutionNode = FALSE
	EndGlobalSection
EndGlobal
